
Microsoft Visual Studio Solution File, Format Version 12.00
# Visual Studio Version 17
VisualStudioVersion = 17.9.34622.214
MinimumVisualStudioVersion = 10.0.40219.1
Project("{FAE04EC0-301F-11D3-BF4B-00C04F79EFBC}") = "Maha Sangram", "Maha Sangram\Maha Sangram.csproj", "{801B3EA4-7C9B-41C1-A3D5-E1D76A3CC7DD}"
EndProject
Global
	GlobalSection(SolutionConfigurationPlatforms) = preSolution
		Debug|Any CPU = Debug|Any CPU
		Release|Any CPU = Release|Any CPU
	EndGlobalSection
	GlobalSection(ProjectConfigurationPlatforms) = postSolution
		{801B3EA4-7C9B-41C1-A3D5-E1D76A3CC7DD}.Debug|Any CPU.ActiveCfg = Debug|Any CPU
		{801B3EA4-7C9B-41C1-A3D5-E1D76A3CC7DD}.Debug|Any CPU.Build.0 = Debug|Any CPU
		{801B3EA4-7C9B-41C1-A3D5-E1D76A3CC7DD}.Release|Any CPU.ActiveCfg = Release|Any CPU
		{801B3EA4-7C9B-41C1-A3D5-E1D76A3CC7DD}.Release|Any CPU.Build.0 = Release|Any CPU
	EndGlobalSection
	GlobalSection(SolutionProperties) = preSolution
		HideSolutionNode = FALSE
	EndGlobalSection
	GlobalSection(ExtensibilityGlobals) = postSolution
		SolutionGuid = {E7C922BA-ED25-4AF0-A49A-04F3186103F0}
	EndGlobalSection
EndGlobal
